// !$*UTF8*$!
{
	archiveVersion = 1;
	classes = {
	};
	objectVersion = 46;
	objects = {

/* Begin PBXBuildFile section */
		86F9803B1D92AA820099A69C /* AppDelegate.swift in Sources */ = {isa = PBXBuildFile; fileRef = 86F9803A1D92AA820099A69C /* AppDelegate.swift */; };
		86F980401D92AA820099A69C /* Main.storyboard in Resources */ = {isa = PBXBuildFile; fileRef = 86F9803E1D92AA820099A69C /* Main.storyboard */; };
		86F980421D92AA820099A69C /* Assets.xcassets in Resources */ = {isa = PBXBuildFile; fileRef = 86F980411D92AA820099A69C /* Assets.xcassets */; };
		86F980451D92AA820099A69C /* LaunchScreen.storyboard in Resources */ = {isa = PBXBuildFile; fileRef = 86F980431D92AA820099A69C /* LaunchScreen.storyboard */; };
		86F980501D92AA820099A69C /* ProgressableTests.swift in Sources */ = {isa = PBXBuildFile; fileRef = 86F9804F1D92AA820099A69C /* ProgressableTests.swift */; };
		86F9806C1D92ABBE0099A69C /* ProgressableSearchBar.swift in Sources */ = {isa = PBXBuildFile; fileRef = 86F9806B1D92ABBE0099A69C /* ProgressableSearchBar.swift */; };
		86F9806F1D92BB2B0099A69C /* Progressable.swift in Sources */ = {isa = PBXBuildFile; fileRef = 86F9806E1D92BB2B0099A69C /* Progressable.swift */; };
		86F980711D92BB3D0099A69C /* ExampleViewController.swift in Sources */ = {isa = PBXBuildFile; fileRef = 86F980701D92BB3D0099A69C /* ExampleViewController.swift */; };
/* End PBXBuildFile section */

/* Begin PBXContainerItemProxy section */
		86F9804C1D92AA820099A69C /* PBXContainerItemProxy */ = {
			isa = PBXContainerItemProxy;
			containerPortal = 86F9802F1D92AA820099A69C /* Project object */;
			proxyType = 1;
			remoteGlobalIDString = 86F980361D92AA820099A69C;
			remoteInfo = Progressable;
		};
/* End PBXContainerItemProxy section */

/* Begin PBXFileReference section */
		86F980371D92AA820099A69C /* Progressable.app */ = {isa = PBXFileReference; explicitFileType = wrapper.application; includeInIndex = 0; path = Progressable.app; sourceTree = BUILT_PRODUCTS_DIR; };
		86F9803A1D92AA820099A69C /* AppDelegate.swift */ = {isa = PBXFileReference; lastKnownFileType = sourcecode.swift; path = AppDelegate.swift; sourceTree = "<group>"; };
		86F9803F1D92AA820099A69C /* Base */ = {isa = PBXFileReference; lastKnownFileType = file.storyboard; name = Base; path = Base.lproj/Main.storyboard; sourceTree = "<group>"; };
		86F980411D92AA820099A69C /* Assets.xcassets */ = {isa = PBXFileReference; lastKnownFileType = folder.assetcatalog; path = Assets.xcassets; sourceTree = "<group>"; };
		86F980441D92AA820099A69C /* Base */ = {isa = PBXFileReference; lastKnownFileType = file.storyboard; name = Base; path = Base.lproj/LaunchScreen.storyboard; sourceTree = "<group>"; };
		86F980461D92AA820099A69C /* Info.plist */ = {isa = PBXFileReference; lastKnownFileType = text.plist.xml; path = Info.plist; sourceTree = "<group>"; };
		86F9804B1D92AA820099A69C /* ProgressableTests.xctest */ = {isa = PBXFileReference; explicitFileType = wrapper.cfbundle; includeInIndex = 0; path = ProgressableTests.xctest; sourceTree = BUILT_PRODUCTS_DIR; };
		86F9804F1D92AA820099A69C /* ProgressableTests.swift */ = {isa = PBXFileReference; lastKnownFileType = sourcecode.swift; path = ProgressableTests.swift; sourceTree = "<group>"; };
		86F980511D92AA820099A69C /* Info.plist */ = {isa = PBXFileReference; lastKnownFileType = text.plist.xml; path = Info.plist; sourceTree = "<group>"; };
		86F9806B1D92ABBE0099A69C /* ProgressableSearchBar.swift */ = {isa = PBXFileReference; fileEncoding = 4; lastKnownFileType = sourcecode.swift; path = ProgressableSearchBar.swift; sourceTree = "<group>"; };
		86F9806E1D92BB2B0099A69C /* Progressable.swift */ = {isa = PBXFileReference; fileEncoding = 4; lastKnownFileType = sourcecode.swift; path = Progressable.swift; sourceTree = "<group>"; };
		86F980701D92BB3D0099A69C /* ExampleViewController.swift */ = {isa = PBXFileReference; fileEncoding = 4; lastKnownFileType = sourcecode.swift; path = ExampleViewController.swift; sourceTree = "<group>"; };
/* End PBXFileReference section */

/* Begin PBXFrameworksBuildPhase section */
		86F980341D92AA820099A69C /* Frameworks */ = {
			isa = PBXFrameworksBuildPhase;
			buildActionMask = 2147483647;
			files = (
			);
			runOnlyForDeploymentPostprocessing = 0;
		};
		86F980481D92AA820099A69C /* Frameworks */ = {
			isa = PBXFrameworksBuildPhase;
			buildActionMask = 2147483647;
			files = (
			);
			runOnlyForDeploymentPostprocessing = 0;
		};
/* End PBXFrameworksBuildPhase section */

/* Begin PBXGroup section */
		86F9802E1D92AA820099A69C = {
			isa = PBXGroup;
			children = (
				86F980391D92AA820099A69C /* Progressable */,
				86F9804E1D92AA820099A69C /* ProgressableTests */,
				86F980381D92AA820099A69C /* Products */,
			);
			sourceTree = "<group>";
		};
		86F980381D92AA820099A69C /* Products */ = {
			isa = PBXGroup;
			children = (
				86F980371D92AA820099A69C /* Progressable.app */,
				86F9804B1D92AA820099A69C /* ProgressableTests.xctest */,
			);
			name = Products;
			sourceTree = "<group>";
		};
		86F980391D92AA820099A69C /* Progressable */ = {
			isa = PBXGroup;
			children = (
				86F9806D1D92BB2B0099A69C /* Source */,
				86F9806A1D92ABAB0099A69C /* Example */,
				86F9803A1D92AA820099A69C /* AppDelegate.swift */,
				86F980701D92BB3D0099A69C /* ExampleViewController.swift */,
				86F9803E1D92AA820099A69C /* Main.storyboard */,
				86F980411D92AA820099A69C /* Assets.xcassets */,
				86F980431D92AA820099A69C /* LaunchScreen.storyboard */,
				86F980461D92AA820099A69C /* Info.plist */,
			);
			path = Progressable;
			sourceTree = "<group>";
		};
		86F9804E1D92AA820099A69C /* ProgressableTests */ = {
			isa = PBXGroup;
			children = (
				86F9804F1D92AA820099A69C /* ProgressableTests.swift */,
				86F980511D92AA820099A69C /* Info.plist */,
			);
			path = ProgressableTests;
			sourceTree = "<group>";
		};
		86F9806A1D92ABAB0099A69C /* Example */ = {
			isa = PBXGroup;
			children = (
				86F9806B1D92ABBE0099A69C /* ProgressableSearchBar.swift */,
			);
			path = Example;
			sourceTree = SOURCE_ROOT;
		};
		86F9806D1D92BB2B0099A69C /* Source */ = {
			isa = PBXGroup;
			children = (
				86F9806E1D92BB2B0099A69C /* Progressable.swift */,
			);
			path = Source;
			sourceTree = SOURCE_ROOT;
		};
/* End PBXGroup section */

/* Begin PBXNativeTarget section */
		86F980361D92AA820099A69C /* Progressable */ = {
			isa = PBXNativeTarget;
			buildConfigurationList = 86F9805F1D92AA820099A69C /* Build configuration list for PBXNativeTarget "Progressable" */;
			buildPhases = (
				86F980331D92AA820099A69C /* Sources */,
				86F980341D92AA820099A69C /* Frameworks */,
				86F980351D92AA820099A69C /* Resources */,
			);
			buildRules = (
			);
			dependencies = (
			);
			name = Progressable;
			productName = Progressable;
			productReference = 86F980371D92AA820099A69C /* Progressable.app */;
			productType = "com.apple.product-type.application";
		};
		86F9804A1D92AA820099A69C /* ProgressableTests */ = {
			isa = PBXNativeTarget;
			buildConfigurationList = 86F980621D92AA820099A69C /* Build configuration list for PBXNativeTarget "ProgressableTests" */;
			buildPhases = (
				86F980471D92AA820099A69C /* Sources */,
				86F980481D92AA820099A69C /* Frameworks */,
				86F980491D92AA820099A69C /* Resources */,
			);
			buildRules = (
			);
			dependencies = (
				86F9804D1D92AA820099A69C /* PBXTargetDependency */,
			);
			name = ProgressableTests;
			productName = ProgressableTests;
			productReference = 86F9804B1D92AA820099A69C /* ProgressableTests.xctest */;
			productType = "com.apple.product-type.bundle.unit-test";
		};
/* End PBXNativeTarget section */

/* Begin PBXProject section */
		86F9802F1D92AA820099A69C /* Project object */ = {
			isa = PBXProject;
			attributes = {
				LastSwiftUpdateCheck = 0800;
				LastUpgradeCheck = 0800;
				ORGANIZATIONNAME = "Martin Moizard";
				TargetAttributes = {
					86F980361D92AA820099A69C = {
						CreatedOnToolsVersion = 8.0;
						ProvisioningStyle = Automatic;
					};
					86F9804A1D92AA820099A69C = {
						CreatedOnToolsVersion = 8.0;
						ProvisioningStyle = Automatic;
						TestTargetID = 86F980361D92AA820099A69C;
					};
				};
			};
			buildConfigurationList = 86F980321D92AA820099A69C /* Build configuration list for PBXProject "Progressable" */;
			compatibilityVersion = "Xcode 3.2";
			developmentRegion = English;
			hasScannedForEncodings = 0;
			knownRegions = (
				en,
				Base,
			);
			mainGroup = 86F9802E1D92AA820099A69C;
			productRefGroup = 86F980381D92AA820099A69C /* Products */;
			projectDirPath = "";
			projectRoot = "";
			targets = (
				86F980361D92AA820099A69C /* Progressable */,
				86F9804A1D92AA820099A69C /* ProgressableTests */,
			);
		};
/* End PBXProject section */

/* Begin PBXResourcesBuildPhase section */
		86F980351D92AA820099A69C /* Resources */ = {
			isa = PBXResourcesBuildPhase;
			buildActionMask = 2147483647;
			files = (
				86F980451D92AA820099A69C /* LaunchScreen.storyboard in Resources */,
				86F980421D92AA820099A69C /* Assets.xcassets in Resources */,
				86F980401D92AA820099A69C /* Main.storyboard in Resources */,
			);
			runOnlyForDeploymentPostprocessing = 0;
		};
		86F980491D92AA820099A69C /* Resources */ = {
			isa = PBXResourcesBuildPhase;
			buildActionMask = 2147483647;
			files = (
			);
			runOnlyForDeploymentPostprocessing = 0;
		};
/* End PBXResourcesBuildPhase section */

/* Begin PBXSourcesBuildPhase section */
		86F980331D92AA820099A69C /* Sources */ = {
			isa = PBXSourcesBuildPhase;
			buildActionMask = 2147483647;
			files = (
				86F9806F1D92BB2B0099A69C /* Progressable.swift in Sources */,
				86F980711D92BB3D0099A69C /* ExampleViewController.swift in Sources */,
				86F9806C1D92ABBE0099A69C /* ProgressableSearchBar.swift in Sources */,
				86F9803B1D92AA820099A69C /* AppDelegate.swift in Sources */,
			);
			runOnlyForDeploymentPostprocessing = 0;
		};
		86F980471D92AA820099A69C /* Sources */ = {
			isa = PBXSourcesBuildPhase;
			buildActionMask = 2147483647;
			files = (
				86F980501D92AA820099A69C /* ProgressableTests.swift in Sources */,
			);
			runOnlyForDeploymentPostprocessing = 0;
		};
/* End PBXSourcesBuildPhase section */

/* Begin PBXTargetDependency section */
		86F9804D1D92AA820099A69C /* PBXTargetDependency */ = {
			isa = PBXTargetDependency;
			target = 86F980361D92AA820099A69C /* Progressable */;
			targetProxy = 86F9804C1D92AA820099A69C /* PBXContainerItemProxy */;
		};
/* End PBXTargetDependency section */

/* Begin PBXVariantGroup section */
		86F9803E1D92AA820099A69C /* Main.storyboard */ = {
			isa = PBXVariantGroup;
			children = (
				86F9803F1D92AA820099A69C /* Base */,
			);
			name = Main.storyboard;
			sourceTree = "<group>";
		};
		86F980431D92AA820099A69C /* LaunchScreen.storyboard */ = {
			isa = PBXVariantGroup;
			children = (
				86F980441D92AA820099A69C /* Base */,
			);
			name = LaunchScreen.storyboard;
			sourceTree = "<group>";
		};
/* End PBXVariantGroup section */

/* Begin XCBuildConfiguration section */
		86F9805D1D92AA820099A69C /* Debug */ = {
			isa = XCBuildConfiguration;
			buildSettings = {
				ALWAYS_SEARCH_USER_PATHS = NO;
				CLANG_ANALYZER_NONNULL = YES;
				CLANG_CXX_LANGUAGE_STANDARD = "gnu++0x";
				CLANG_CXX_LIBRARY = "libc++";
				CLANG_ENABLE_MODULES = YES;
				CLANG_ENABLE_OBJC_ARC = YES;
				CLANG_WARN_BOOL_CONVERSION = YES;
				CLANG_WARN_CONSTANT_CONVERSION = YES;
				CLANG_WARN_DIRECT_OBJC_ISA_USAGE = YES_ERROR;
				CLANG_WARN_DOCUMENTATION_COMMENTS = YES;
				CLANG_WARN_EMPTY_BODY = YES;
				CLANG_WARN_ENUM_CONVERSION = YES;
				CLANG_WARN_INFINITE_RECURSION = YES;
				CLANG_WARN_INT_CONVERSION = YES;
				CLANG_WARN_OBJC_ROOT_CLASS = YES_ERROR;
				CLANG_WARN_SUSPICIOUS_MOVES = YES;
				CLANG_WARN_UNREACHABLE_CODE = YES;
				CLANG_WARN__DUPLICATE_METHOD_MATCH = YES;
				"CODE_SIGN_IDENTITY[sdk=iphoneos*]" = "iPhone Developer";
				COPY_PHASE_STRIP = NO;
				DEBUG_INFORMATION_FORMAT = dwarf;
				ENABLE_STRICT_OBJC_MSGSEND = YES;
				ENABLE_TESTABILITY = YES;
				GCC_C_LANGUAGE_STANDARD = gnu99;
				GCC_DYNAMIC_NO_PIC = NO;
				GCC_NO_COMMON_BLOCKS = YES;
				GCC_OPTIMIZATION_LEVEL = 0;
				GCC_PREPROCESSOR_DEFINITIONS = (
					"DEBUG=1",
					"$(inherited)",
				);
				GCC_WARN_64_TO_32_BIT_CONVERSION = YES;
				GCC_WARN_ABOUT_RETURN_TYPE = YES_ERROR;
				GCC_WARN_UNDECLARED_SELECTOR = YES;
				GCC_WARN_UNINITIALIZED_AUTOS = YES_AGGRESSIVE;
				GCC_WARN_UNUSED_FUNCTION = YES;
				GCC_WARN_UNUSED_VARIABLE = YES;
				IPHONEOS_DEPLOYMENT_TARGET = 10.0;
				MTL_ENABLE_DEBUG_INFO = YES;
				ONLY_ACTIVE_ARCH = YES;
				SDKROOT = iphoneos;
				SWIFT_ACTIVE_COMPILATION_CONDITIONS = DEBUG;
				SWIFT_OPTIMIZATION_LEVEL = "-Onone";
				TARGETED_DEVICE_FAMILY = "1,2";
			};
			name = Debug;
		};
		86F9805E1D92AA820099A69C /* Release */ = {
			isa = XCBuildConfiguration;
			buildSettings = {
				ALWAYS_SEARCH_USER_PATHS = NO;
				CLANG_ANALYZER_NONNULL = YES;
				CLANG_CXX_LANGUAGE_STANDARD = "gnu++0x";
				CLANG_CXX_LIBRARY = "libc++";
				CLANG_ENABLE_MODULES = YES;
				CLANG_ENABLE_OBJC_ARC = YES;
				CLANG_WARN_BOOL_CONVERSION = YES;
				CLANG_WARN_CONSTANT_CONVERSION = YES;
				CLANG_WARN_DIRECT_OBJC_ISA_USAGE = YES_ERROR;
				CLANG_WARN_DOCUMENTATION_COMMENTS = YES;
				CLANG_WARN_EMPTY_BODY = YES;
				CLANG_WARN_ENUM_CONVERSION = YES;
				CLANG_WARN_INFINITE_RECURSION = YES;
				CLANG_WARN_INT_CONVERSION = YES;
				CLANG_WARN_OBJC_ROOT_CLASS = YES_ERROR;
				CLANG_WARN_SUSPICIOUS_MOVES = YES;
				CLANG_WARN_UNREACHABLE_CODE = YES;
				CLANG_WARN__DUPLICATE_METHOD_MATCH = YES;
				"CODE_SIGN_IDENTITY[sdk=iphoneos*]" = "iPhone Developer";
				COPY_PHASE_STRIP = NO;
				DEBUG_INFORMATION_FORMAT = "dwarf-with-dsym";
				ENABLE_NS_ASSERTIONS = NO;
				ENABLE_STRICT_OBJC_MSGSEND = YES;
				GCC_C_LANGUAGE_STANDARD = gnu99;
				GCC_NO_COMMON_BLOCKS = YES;
				GCC_WARN_64_TO_32_BIT_CONVERSION = YES;
				GCC_WARN_ABOUT_RETURN_TYPE = YES_ERROR;
				GCC_WARN_UNDECLARED_SELECTOR = YES;
				GCC_WARN_UNINITIALIZED_AUTOS = YES_AGGRESSIVE;
				GCC_WARN_UNUSED_FUNCTION = YES;
				GCC_WARN_UNUSED_VARIABLE = YES;
				IPHONEOS_DEPLOYMENT_TARGET = 10.0;
				MTL_ENABLE_DEBUG_INFO = NO;
				SDKROOT = iphoneos;
				SWIFT_OPTIMIZATION_LEVEL = "-Owholemodule";
				TARGETED_DEVICE_FAMILY = "1,2";
				VALIDATE_PRODUCT = YES;
			};
			name = Release;
		};
		86F980601D92AA820099A69C /* Debug */ = {
			isa = XCBuildConfiguration;
			buildSettings = {
				ASSETCATALOG_COMPILER_APPICON_NAME = AppIcon;
				INFOPLIST_FILE = Progressable/Info.plist;
				LD_RUNPATH_SEARCH_PATHS = "$(inherited) @executable_path/Frameworks";
				PRODUCT_BUNDLE_IDENTIFIER = com.martinmoizard.Progressable;
				PRODUCT_NAME = "$(TARGET_NAME)";
				SWIFT_VERSION = 3.0;
			};
			name = Debug;
		};
		86F980611D92AA820099A69C /* Release */ = {
			isa = XCBuildConfiguration;
			buildSettings = {
				ASSETCATALOG_COMPILER_APPICON_NAME = AppIcon;
				INFOPLIST_FILE = Progressable/Info.plist;
				LD_RUNPATH_SEARCH_PATHS = "$(inherited) @executable_path/Frameworks";
				PRODUCT_BUNDLE_IDENTIFIER = com.martinmoizard.Progressable;
				PRODUCT_NAME = "$(TARGET_NAME)";
				SWIFT_VERSION = 3.0;
			};
			name = Release;
		};
		86F980631D92AA820099A69C /* Debug */ = {
			isa = XCBuildConfiguration;
			buildSettings = {
				ALWAYS_EMBED_SWIFT_STANDARD_LIBRARIES = YES;
				BUNDLE_LOADER = "$(TEST_HOST)";
				INFOPLIST_FILE = ProgressableTests/Info.plist;
				LD_RUNPATH_SEARCH_PATHS = "$(inherited) @executable_path/Frameworks @loader_path/Frameworks";
				PRODUCT_BUNDLE_IDENTIFIER = com.martinmoizard.ProgressableTests;
				PRODUCT_NAME = "$(TARGET_NAME)";
				SWIFT_VERSION = 3.0;
				TEST_HOST = "$(BUILT_PRODUCTS_DIR)/Progressable.app/Progressable";
			};
			name = Debug;
		};
		86F980641D92AA820099A69C /* Release */ = {
			isa = XCBuildConfiguration;
			buildSettings = {
				ALWAYS_EMBED_SWIFT_STANDARD_LIBRARIES = YES;
				BUNDLE_LOADER = "$(TEST_HOST)";
				INFOPLIST_FILE = ProgressableTests/Info.plist;
				LD_RUNPATH_SEARCH_PATHS = "$(inherited) @executable_path/Frameworks @loader_path/Frameworks";
				PRODUCT_BUNDLE_IDENTIFIER = com.martinmoizard.ProgressableTests;
				PRODUCT_NAME = "$(TARGET_NAME)";
				SWIFT_VERSION = 3.0;
				TEST_HOST = "$(BUILT_PRODUCTS_DIR)/Progressable.app/Progressable";
			};
			name = Release;
		};
/* End XCBuildConfiguration section */

/* Begin XCConfigurationList section */
		86F980321D92AA820099A69C /* Build configuration list for PBXProject "Progressable" */ = {
			isa = XCConfigurationList;
			buildConfigurations = (
				86F9805D1D92AA820099A69C /* Debug */,
				86F9805E1D92AA820099A69C /* Release */,
			);
			defaultConfigurationIsVisible = 0;
			defaultConfigurationName = Release;
		};
		86F9805F1D92AA820099A69C /* Build configuration list for PBXNativeTarget "Progressable" */ = {
			isa = XCConfigurationList;
			buildConfigurations = (
				86F980601D92AA820099A69C /* Debug */,
				86F980611D92AA820099A69C /* Release */,
			);
			defaultConfigurationIsVisible = 0;
		};
		86F980621D92AA820099A69C /* Build configuration list for PBXNativeTarget "ProgressableTests" */ = {
			isa = XCConfigurationList;
			buildConfigurations = (
				86F980631D92AA820099A69C /* Debug */,
				86F980641D92AA820099A69C /* Release */,
			);
			defaultConfigurationIsVisible = 0;
		};
/* End XCConfigurationList section */
	};
	rootObject = 86F9802F1D92AA820099A69C /* Project object */;
}
